version: 6
environments:
  default:
    channels:
    - url: https://conda.anaconda.org/conda-forge/
    indexes:
    - https://pypi.org/simple
    packages:
      linux-64:
      - conda: https://conda.anaconda.org/conda-forge/linux-64/_libgcc_mutex-0.1-conda_forge.tar.bz2
      - conda: https://conda.anaconda.org/conda-forge/linux-64/_openmp_mutex-4.5-2_gnu.tar.bz2
      - conda: https://conda.anaconda.org/conda-forge/linux-64/bzip2-1.0.8-hda65f42_8.conda
      - conda: https://conda.anaconda.org/conda-forge/noarch/ca-certificates-2025.10.5-hbd8a1cb_0.conda
      - conda: https://conda.anaconda.org/conda-forge/linux-64/ld_impl_linux-64-2.44-ha97dd6f_2.conda
      - conda: https://conda.anaconda.org/conda-forge/linux-64/libexpat-2.7.1-hecca717_0.conda
      - conda: https://conda.anaconda.org/conda-forge/linux-64/libffi-3.4.6-h2dba641_1.conda
      - conda: https://conda.anaconda.org/conda-forge/linux-64/libgcc-15.2.0-h767d61c_7.conda
      - conda: https://conda.anaconda.org/conda-forge/linux-64/libgomp-15.2.0-h767d61c_7.conda
      - conda: https://conda.anaconda.org/conda-forge/linux-64/liblzma-5.8.1-hb9d3cd8_2.conda
      - conda: https://conda.anaconda.org/conda-forge/linux-64/libmpdec-4.0.0-hb9d3cd8_0.conda
      - conda: https://conda.anaconda.org/conda-forge/linux-64/libsqlite-3.50.4-h0c1763c_0.conda
      - conda: https://conda.anaconda.org/conda-forge/linux-64/libuuid-2.41.2-he9a06e4_0.conda
      - conda: https://conda.anaconda.org/conda-forge/linux-64/libzlib-1.3.1-hb9d3cd8_2.conda
      - conda: https://conda.anaconda.org/conda-forge/linux-64/ncurses-6.5-h2d0b736_3.conda
      - conda: https://conda.anaconda.org/conda-forge/linux-64/openssl-3.5.4-h26f9b46_0.conda
      - conda: https://conda.anaconda.org/conda-forge/linux-64/python-3.13.9-h2b335a9_100_cp313.conda
      - conda: https://conda.anaconda.org/conda-forge/noarch/python_abi-3.13-8_cp313.conda
      - conda: https://conda.anaconda.org/conda-forge/linux-64/readline-8.2-h8c095d6_2.conda
      - conda: https://conda.anaconda.org/conda-forge/linux-64/tk-8.6.13-noxft_hd72426e_102.conda
      - conda: https://conda.anaconda.org/conda-forge/noarch/tzdata-2025b-h78e105d_0.conda
      - pypi: https://files.pythonhosted.org/packages/0f/15/5bf3b99495fb160b63f95972b81750f18f7f4e02ad051373b669d17d44f2/aiohappyeyeballs-2.6.1-py3-none-any.whl
      - pypi: https://files.pythonhosted.org/packages/cc/e6/33d305e6cce0a8daeb79c7d8d6547d6e5f27f4e35fa4883fc9c9eb638596/aiohttp-3.13.1-cp313-cp313-manylinux2014_x86_64.manylinux_2_17_x86_64.manylinux_2_28_x86_64.whl
      - pypi: https://files.pythonhosted.org/packages/fb/76/641ae371508676492379f16e2fa48f4e2c11741bd63c48be4b12a6b09cba/aiosignal-1.4.0-py3-none-any.whl
      - pypi: https://files.pythonhosted.org/packages/15/b3/9b1a8074496371342ec1e796a96f99c82c945a339cd81a8e73de28b4cf9e/anyio-4.11.0-py3-none-any.whl
      - pypi: https://files.pythonhosted.org/packages/3a/2a/7cc015f5b9f5db42b7d48157e23356022889fc354a2813c15934b7cb5c0e/attrs-25.4.0-py3-none-any.whl
      - pypi: https://files.pythonhosted.org/packages/17/eb/7d79831a5081d25002e36a1b2685210ae8783582d1a99fae350b2b1b899c/cbor2-5.7.0-cp313-cp313-manylinux2014_x86_64.manylinux_2_17_x86_64.manylinux_2_28_x86_64.whl
      - pypi: https://files.pythonhosted.org/packages/e4/37/af0d2ef3967ac0d6113837b44a4f0bfe1328c2b9763bd5b1744520e5cfed/certifi-2025.10.5-py3-none-any.whl
      - pypi: https://files.pythonhosted.org/packages/db/d3/9dcc0f5797f070ec8edf30fbadfb200e71d9db6b84d211e3b2085a7589a0/click-8.3.0-py3-none-any.whl
      - pypi: https://files.pythonhosted.org/packages/d5/4e/e4691508f9477ce67da2015d8c00acd751e6287739123113a9fca6f1604e/frozenlist-1.8.0-cp313-cp313-manylinux1_x86_64.manylinux_2_28_x86_64.manylinux_2_5_x86_64.whl
      - pypi: https://files.pythonhosted.org/packages/03/8b/ad381ec1b8195fa4a9a693cb8087e031b99530c0d6b8ad036dcb99e144c4/grpclib-0.4.8-py3-none-any.whl
      - pypi: https://files.pythonhosted.org/packages/69/b2/119f6e6dcbd96f9069ce9a2665e0146588dc9f88f29549711853645e736a/h2-4.3.0-py3-none-any.whl
      - pypi: https://files.pythonhosted.org/packages/07/c6/80c95b1b2b94682a72cbdbfb85b81ae2daffa4291fbfa1b1464502ede10d/hpack-4.1.0-py3-none-any.whl
      - pypi: https://files.pythonhosted.org/packages/48/30/47d0bf6072f7252e6521f3447ccfa40b421b6824517f82854703d0f5a98b/hyperframe-6.1.0-py3-none-any.whl
      - pypi: https://files.pythonhosted.org/packages/0e/61/66938bbb5fc52dbdf84594873d5b51fb1f7c7794e9c0f5bd885f30bc507b/idna-3.11-py3-none-any.whl
      - pypi: https://files.pythonhosted.org/packages/94/54/e7d793b573f298e1c9013b8c4dade17d481164aa517d1d7148619c2cedbf/markdown_it_py-4.0.0-py3-none-any.whl
      - pypi: https://files.pythonhosted.org/packages/b3/38/89ba8ad64ae25be8de66a6d463314cf1eb366222074cfda9ee839c56a4b4/mdurl-0.1.2-py3-none-any.whl
      - pypi: https://files.pythonhosted.org/packages/38/f4/fb4f55f93e228d758065a269425d8c2b050b59094ce258fc215b1dd2d636/modal-1.2.0-py3-none-any.whl
      - pypi: https://files.pythonhosted.org/packages/c6/2d/f0b184fa88d6630aa267680bdb8623fb69cb0d024b8c6f0d23f9a0f406d3/multidict-6.7.0-cp313-cp313-manylinux2014_x86_64.manylinux_2_17_x86_64.manylinux_2_28_x86_64.whl
      - pypi: https://files.pythonhosted.org/packages/f1/8b/544bc867e24e1bd48f3118cecd3b05c694e160a168478fa28770f22fd094/propcache-0.4.1-cp313-cp313-manylinux2014_x86_64.manylinux_2_17_x86_64.manylinux_2_28_x86_64.whl
      - pypi: https://files.pythonhosted.org/packages/21/51/0b1cbad62074439b867b4e04cc09b93f6699d78fd191bed2bbb44562e077/protobuf-6.33.0-cp39-abi3-manylinux2014_x86_64.whl
      - pypi: https://files.pythonhosted.org/packages/c7/21/705964c7812476f378728bdf590ca4b771ec72385c533964653c68e86bdc/pygments-2.19.2-py3-none-any.whl
      - pypi: https://files.pythonhosted.org/packages/25/7a/b0178788f8dc6cafce37a212c99565fa1fe7872c70c6c9c1e1a372d9d88f/rich-14.2.0-py3-none-any.whl
      - pypi: https://files.pythonhosted.org/packages/e0/f9/0595336914c5619e5f28a1fb793285925a8cd4b432c9da0a987836c7f822/shellingham-1.5.4-py2.py3-none-any.whl
      - pypi: https://files.pythonhosted.org/packages/1f/91/853dbf6ec096197dba9cd5fd0c836c5fc19142038b7db60ebe6332b1bab1/sigtools-4.0.1-py2.py3-none-any.whl
      - pypi: https://files.pythonhosted.org/packages/e9/44/75a9c9421471a6c4805dbf2356f7c181a29c1879239abab1ea2cc8f38b40/sniffio-1.3.1-py3-none-any.whl
      - pypi: https://files.pythonhosted.org/packages/f8/f9/ce041b9531022a0b5999a47e6da14485239f7bce9c595d1bfb387fe60e89/synchronicity-0.10.2-py3-none-any.whl
      - pypi: https://files.pythonhosted.org/packages/44/6f/7120676b6d73228c96e17f1f794d8ab046fc910d781c8d151120c3f1569e/toml-0.10.2-py2.py3-none-any.whl
      - pypi: https://files.pythonhosted.org/packages/00/22/35617eee79080a5d071d0f14ad698d325ee6b3bf824fc0467c03b30e7fa8/typer-0.19.2-py3-none-any.whl
      - pypi: https://files.pythonhosted.org/packages/b5/63/2463d89481e811f007b0e1cd0a91e52e141b47f9de724d20db7b861dcfec/types_certifi-2021.10.8.3-py3-none-any.whl
      - pypi: https://files.pythonhosted.org/packages/da/a2/d32ab58c0b216912638b140ab2170ee4b8644067c293b170e19fba340ccc/types_toml-0.10.8.20240310-py3-none-any.whl
      - pypi: https://files.pythonhosted.org/packages/18/67/36e9267722cc04a6b9f15c7f3441c2363321a3ea07da7ae0c0707beb2a9c/typing_extensions-4.15.0-py3-none-any.whl
      - pypi: https://files.pythonhosted.org/packages/62/da/def65b170a3815af7bd40a3e7010bf6ab53089ef1b75d05dd5385b87cf08/watchfiles-1.1.1-cp313-cp313-manylinux_2_17_x86_64.manylinux2014_x86_64.whl
      - pypi: https://files.pythonhosted.org/packages/11/c9/cd8538dc2e7727095e0c1d867bad1e40c98f37763e6d995c1939f5fdc7b1/yarl-1.22.0-cp313-cp313-manylinux2014_x86_64.manylinux_2_17_x86_64.manylinux_2_28_x86_64.whl
      - pypi: ./
      osx-arm64:
      - conda: https://conda.anaconda.org/conda-forge/osx-arm64/bzip2-1.0.8-hd037594_8.conda
      - conda: https://conda.anaconda.org/conda-forge/noarch/ca-certificates-2025.10.5-hbd8a1cb_0.conda
      - conda: https://conda.anaconda.org/conda-forge/osx-arm64/icu-75.1-hfee45f7_0.conda
      - conda: https://conda.anaconda.org/conda-forge/osx-arm64/libexpat-2.7.1-hec049ff_0.conda
      - conda: https://conda.anaconda.org/conda-forge/osx-arm64/libffi-3.4.6-h1da3d7d_1.conda
      - conda: https://conda.anaconda.org/conda-forge/osx-arm64/liblzma-5.8.1-h39f12f2_2.conda
      - conda: https://conda.anaconda.org/conda-forge/osx-arm64/libmpdec-4.0.0-h5505292_0.conda
      - conda: https://conda.anaconda.org/conda-forge/osx-arm64/libsqlite-3.50.4-h4237e3c_0.conda
      - conda: https://conda.anaconda.org/conda-forge/osx-arm64/libzlib-1.3.1-h8359307_2.conda
      - conda: https://conda.anaconda.org/conda-forge/osx-arm64/ncurses-6.5-h5e97a16_3.conda
      - conda: https://conda.anaconda.org/conda-forge/osx-arm64/openssl-3.5.4-h5503f6c_0.conda
      - conda: https://conda.anaconda.org/conda-forge/osx-arm64/python-3.13.9-h09175d0_100_cp313.conda
      - conda: https://conda.anaconda.org/conda-forge/noarch/python_abi-3.13-8_cp313.conda
      - conda: https://conda.anaconda.org/conda-forge/osx-arm64/readline-8.2-h1d1bf99_2.conda
      - conda: https://conda.anaconda.org/conda-forge/osx-arm64/tk-8.6.13-h892fb3f_2.conda
      - conda: https://conda.anaconda.org/conda-forge/noarch/tzdata-2025b-h78e105d_0.conda
      - pypi: https://files.pythonhosted.org/packages/0f/15/5bf3b99495fb160b63f95972b81750f18f7f4e02ad051373b669d17d44f2/aiohappyeyeballs-2.6.1-py3-none-any.whl
      - pypi: https://files.pythonhosted.org/packages/a8/19/23c6b81cca587ec96943d977a58d11d05a82837022e65cd5502d665a7d11/aiohttp-3.13.1-cp313-cp313-macosx_11_0_arm64.whl
      - pypi: https://files.pythonhosted.org/packages/fb/76/641ae371508676492379f16e2fa48f4e2c11741bd63c48be4b12a6b09cba/aiosignal-1.4.0-py3-none-any.whl
      - pypi: https://files.pythonhosted.org/packages/15/b3/9b1a8074496371342ec1e796a96f99c82c945a339cd81a8e73de28b4cf9e/anyio-4.11.0-py3-none-any.whl
      - pypi: https://files.pythonhosted.org/packages/3a/2a/7cc015f5b9f5db42b7d48157e23356022889fc354a2813c15934b7cb5c0e/attrs-25.4.0-py3-none-any.whl
      - pypi: https://files.pythonhosted.org/packages/4b/b5/d324166a5a1feed61aeb32fed70182306796b67cedaf65c91671c8674ea2/cbor2-5.7.0-cp313-cp313-macosx_11_0_arm64.whl
      - pypi: https://files.pythonhosted.org/packages/e4/37/af0d2ef3967ac0d6113837b44a4f0bfe1328c2b9763bd5b1744520e5cfed/certifi-2025.10.5-py3-none-any.whl
      - pypi: https://files.pythonhosted.org/packages/db/d3/9dcc0f5797f070ec8edf30fbadfb200e71d9db6b84d211e3b2085a7589a0/click-8.3.0-py3-none-any.whl
      - pypi: https://files.pythonhosted.org/packages/0c/ab/6e5080ee374f875296c4243c381bbdef97a9ac39c6e3ce1d5f7d42cb78d6/frozenlist-1.8.0-cp313-cp313-macosx_11_0_arm64.whl
      - pypi: https://files.pythonhosted.org/packages/03/8b/ad381ec1b8195fa4a9a693cb8087e031b99530c0d6b8ad036dcb99e144c4/grpclib-0.4.8-py3-none-any.whl
      - pypi: https://files.pythonhosted.org/packages/69/b2/119f6e6dcbd96f9069ce9a2665e0146588dc9f88f29549711853645e736a/h2-4.3.0-py3-none-any.whl
      - pypi: https://files.pythonhosted.org/packages/07/c6/80c95b1b2b94682a72cbdbfb85b81ae2daffa4291fbfa1b1464502ede10d/hpack-4.1.0-py3-none-any.whl
      - pypi: https://files.pythonhosted.org/packages/48/30/47d0bf6072f7252e6521f3447ccfa40b421b6824517f82854703d0f5a98b/hyperframe-6.1.0-py3-none-any.whl
      - pypi: https://files.pythonhosted.org/packages/0e/61/66938bbb5fc52dbdf84594873d5b51fb1f7c7794e9c0f5bd885f30bc507b/idna-3.11-py3-none-any.whl
      - pypi: https://files.pythonhosted.org/packages/94/54/e7d793b573f298e1c9013b8c4dade17d481164aa517d1d7148619c2cedbf/markdown_it_py-4.0.0-py3-none-any.whl
      - pypi: https://files.pythonhosted.org/packages/b3/38/89ba8ad64ae25be8de66a6d463314cf1eb366222074cfda9ee839c56a4b4/mdurl-0.1.2-py3-none-any.whl
      - pypi: https://files.pythonhosted.org/packages/38/f4/fb4f55f93e228d758065a269425d8c2b050b59094ce258fc215b1dd2d636/modal-1.2.0-py3-none-any.whl
      - pypi: https://files.pythonhosted.org/packages/f1/d8/6c3442322e41fb1dd4de8bd67bfd11cd72352ac131f6368315617de752f1/multidict-6.7.0-cp313-cp313-macosx_11_0_arm64.whl
      - pypi: https://files.pythonhosted.org/packages/89/a4/92380f7ca60f99ebae761936bc48a72a639e8a47b29050615eef757cb2a7/propcache-0.4.1-cp313-cp313-macosx_11_0_arm64.whl
      - pypi: https://files.pythonhosted.org/packages/e1/a9/b6eee662a6951b9c3640e8e452ab3e09f117d99fc10baa32d1581a0d4099/protobuf-6.33.0-cp39-abi3-macosx_10_9_universal2.whl
      - pypi: https://files.pythonhosted.org/packages/c7/21/705964c7812476f378728bdf590ca4b771ec72385c533964653c68e86bdc/pygments-2.19.2-py3-none-any.whl
      - pypi: https://files.pythonhosted.org/packages/25/7a/b0178788f8dc6cafce37a212c99565fa1fe7872c70c6c9c1e1a372d9d88f/rich-14.2.0-py3-none-any.whl
      - pypi: https://files.pythonhosted.org/packages/e0/f9/0595336914c5619e5f28a1fb793285925a8cd4b432c9da0a987836c7f822/shellingham-1.5.4-py2.py3-none-any.whl
      - pypi: https://files.pythonhosted.org/packages/1f/91/853dbf6ec096197dba9cd5fd0c836c5fc19142038b7db60ebe6332b1bab1/sigtools-4.0.1-py2.py3-none-any.whl
      - pypi: https://files.pythonhosted.org/packages/e9/44/75a9c9421471a6c4805dbf2356f7c181a29c1879239abab1ea2cc8f38b40/sniffio-1.3.1-py3-none-any.whl
      - pypi: https://files.pythonhosted.org/packages/f8/f9/ce041b9531022a0b5999a47e6da14485239f7bce9c595d1bfb387fe60e89/synchronicity-0.10.2-py3-none-any.whl
      - pypi: https://files.pythonhosted.org/packages/44/6f/7120676b6d73228c96e17f1f794d8ab046fc910d781c8d151120c3f1569e/toml-0.10.2-py2.py3-none-any.whl
      - pypi: https://files.pythonhosted.org/packages/00/22/35617eee79080a5d071d0f14ad698d325ee6b3bf824fc0467c03b30e7fa8/typer-0.19.2-py3-none-any.whl
      - pypi: https://files.pythonhosted.org/packages/b5/63/2463d89481e811f007b0e1cd0a91e52e141b47f9de724d20db7b861dcfec/types_certifi-2021.10.8.3-py3-none-any.whl
      - pypi: https://files.pythonhosted.org/packages/da/a2/d32ab58c0b216912638b140ab2170ee4b8644067c293b170e19fba340ccc/types_toml-0.10.8.20240310-py3-none-any.whl
      - pypi: https://files.pythonhosted.org/packages/18/67/36e9267722cc04a6b9f15c7f3441c2363321a3ea07da7ae0c0707beb2a9c/typing_extensions-4.15.0-py3-none-any.whl
      - pypi: https://files.pythonhosted.org/packages/2b/f9/f07a295cde762644aa4c4bb0f88921d2d141af45e735b965fb2e87858328/watchfiles-1.1.1-cp313-cp313-macosx_11_0_arm64.whl
      - pypi: https://files.pythonhosted.org/packages/18/91/3274b215fd8442a03975ce6bee5fe6aa57a8326b29b9d3d56234a1dca244/yarl-1.22.0-cp313-cp313-macosx_11_0_arm64.whl
      - pypi: ./
packages:
- conda: https://conda.anaconda.org/conda-forge/linux-64/_libgcc_mutex-0.1-conda_forge.tar.bz2
  sha256: fe51de6107f9edc7aa4f786a70f4a883943bc9d39b3bb7307c04c41410990726
  md5: d7c89558ba9fa0495403155b64376d81
  license: None
  purls: []
  size: 2562
  timestamp: 1578324546067
- conda: https://conda.anaconda.org/conda-forge/linux-64/_openmp_mutex-4.5-2_gnu.tar.bz2
  build_number: 16
  sha256: fbe2c5e56a653bebb982eda4876a9178aedfc2b545f25d0ce9c4c0b508253d22
  md5: 73aaf86a425cc6e73fcf236a5a46396d
  depends:
  - _libgcc_mutex 0.1 conda_forge
  - libgomp >=7.5.0
  constrains:
  - openmp_impl 9999
  license: BSD-3-Clause
  license_family: BSD
  purls: []
  size: 23621
  timestamp: 1650670423406
- pypi: https://files.pythonhosted.org/packages/0f/15/5bf3b99495fb160b63f95972b81750f18f7f4e02ad051373b669d17d44f2/aiohappyeyeballs-2.6.1-py3-none-any.whl
  name: aiohappyeyeballs
  version: 2.6.1
  sha256: f349ba8f4b75cb25c99c5c2d84e997e485204d2902a9597802b0371f09331fb8
  requires_python: '>=3.9'
- pypi: https://files.pythonhosted.org/packages/a8/19/23c6b81cca587ec96943d977a58d11d05a82837022e65cd5502d665a7d11/aiohttp-3.13.1-cp313-cp313-macosx_11_0_arm64.whl
  name: aiohttp
  version: 3.13.1
  sha256: 27af0619c33f9ca52f06069ec05de1a357033449ab101836f431768ecfa63ff5
  requires_dist:
  - aiohappyeyeballs>=2.5.0
  - aiosignal>=1.4.0
  - async-timeout>=4.0,<6.0 ; python_full_version < '3.11'
  - attrs>=17.3.0
  - frozenlist>=1.1.1
  - multidict>=4.5,<7.0
  - propcache>=0.2.0
  - yarl>=1.17.0,<2.0
  - aiodns>=3.3.0 ; extra == 'speedups'
  - brotli ; platform_python_implementation == 'CPython' and extra == 'speedups'
  - brotlicffi ; platform_python_implementation != 'CPython' and extra == 'speedups'
  - backports-zstd ; python_full_version < '3.14' and platform_python_implementation == 'CPython' and extra == 'speedups'
  requires_python: '>=3.9'
- pypi: https://files.pythonhosted.org/packages/cc/e6/33d305e6cce0a8daeb79c7d8d6547d6e5f27f4e35fa4883fc9c9eb638596/aiohttp-3.13.1-cp313-cp313-manylinux2014_x86_64.manylinux_2_17_x86_64.manylinux_2_28_x86_64.whl
  name: aiohttp
  version: 3.13.1
  sha256: 010dc9b7110f055006acd3648d5d5955bb6473b37c3663ec42a1b4cba7413e6b
  requires_dist:
  - aiohappyeyeballs>=2.5.0
  - aiosignal>=1.4.0
  - async-timeout>=4.0,<6.0 ; python_full_version < '3.11'
  - attrs>=17.3.0
  - frozenlist>=1.1.1
  - multidict>=4.5,<7.0
  - propcache>=0.2.0
  - yarl>=1.17.0,<2.0
  - aiodns>=3.3.0 ; extra == 'speedups'
  - brotli ; platform_python_implementation == 'CPython' and extra == 'speedups'
  - brotlicffi ; platform_python_implementation != 'CPython' and extra == 'speedups'
  - backports-zstd ; python_full_version < '3.14' and platform_python_implementation == 'CPython' and extra == 'speedups'
  requires_python: '>=3.9'
- pypi: https://files.pythonhosted.org/packages/fb/76/641ae371508676492379f16e2fa48f4e2c11741bd63c48be4b12a6b09cba/aiosignal-1.4.0-py3-none-any.whl
  name: aiosignal
  version: 1.4.0
  sha256: 053243f8b92b990551949e63930a839ff0cf0b0ebbe0597b0f3fb19e1a0fe82e
  requires_dist:
  - frozenlist>=1.1.0
  - typing-extensions>=4.2 ; python_full_version < '3.13'
  requires_python: '>=3.9'
- pypi: https://files.pythonhosted.org/packages/15/b3/9b1a8074496371342ec1e796a96f99c82c945a339cd81a8e73de28b4cf9e/anyio-4.11.0-py3-none-any.whl
  name: anyio
  version: 4.11.0
  sha256: 0287e96f4d26d4149305414d4e3bc32f0dcd0862365a4bddea19d7a1ec38c4fc
  requires_dist:
  - exceptiongroup>=1.0.2 ; python_full_version < '3.11'
  - idna>=2.8
  - sniffio>=1.1
  - typing-extensions>=4.5 ; python_full_version < '3.13'
  - trio>=0.31.0 ; extra == 'trio'
  requires_python: '>=3.9'
- pypi: https://files.pythonhosted.org/packages/3a/2a/7cc015f5b9f5db42b7d48157e23356022889fc354a2813c15934b7cb5c0e/attrs-25.4.0-py3-none-any.whl
  name: attrs
  version: 25.4.0
  sha256: adcf7e2a1fb3b36ac48d97835bb6d8ade15b8dcce26aba8bf1d14847b57a3373
  requires_python: '>=3.9'
- conda: https://conda.anaconda.org/conda-forge/linux-64/bzip2-1.0.8-hda65f42_8.conda
  sha256: c30daba32ddebbb7ded490f0e371eae90f51e72db620554089103b4a6934b0d5
  md5: 51a19bba1b8ebfb60df25cde030b7ebc
  depends:
  - __glibc >=2.17,<3.0.a0
  - libgcc >=14
  license: bzip2-1.0.6
  license_family: BSD
  purls: []
  size: 260341
  timestamp: 1757437258798
- conda: https://conda.anaconda.org/conda-forge/osx-arm64/bzip2-1.0.8-hd037594_8.conda
  sha256: b456200636bd5fecb2bec63f7e0985ad2097cf1b83d60ce0b6968dffa6d02aa1
  md5: 58fd217444c2a5701a44244faf518206
  depends:
  - __osx >=11.0
  license: bzip2-1.0.6
  license_family: BSD
  purls: []
  size: 125061
  timestamp: 1757437486465
- conda: https://conda.anaconda.org/conda-forge/noarch/ca-certificates-2025.10.5-hbd8a1cb_0.conda
  sha256: 3b5ad78b8bb61b6cdc0978a6a99f8dfb2cc789a451378d054698441005ecbdb6
  md5: f9e5fbc24009179e8b0409624691758a
  depends:
  - __unix
  license: ISC
  purls: []
  size: 155907
  timestamp: 1759649036195
- pypi: https://files.pythonhosted.org/packages/17/eb/7d79831a5081d25002e36a1b2685210ae8783582d1a99fae350b2b1b899c/cbor2-5.7.0-cp313-cp313-manylinux2014_x86_64.manylinux_2_17_x86_64.manylinux_2_28_x86_64.whl
  name: cbor2
  version: 5.7.0
  sha256: a91b6912e2ff64f33464f67ec6528cf2e26c06a5f3cc3fb1954f94aa58d68670
  requires_python: '>=3.9'
- pypi: https://files.pythonhosted.org/packages/4b/b5/d324166a5a1feed61aeb32fed70182306796b67cedaf65c91671c8674ea2/cbor2-5.7.0-cp313-cp313-macosx_11_0_arm64.whl
  name: cbor2
  version: 5.7.0
  sha256: 9bd76624b090faa6900739025d798a4e3130da80dbae15391b42b3d4672a4022
  requires_python: '>=3.9'
- pypi: https://files.pythonhosted.org/packages/e4/37/af0d2ef3967ac0d6113837b44a4f0bfe1328c2b9763bd5b1744520e5cfed/certifi-2025.10.5-py3-none-any.whl
  name: certifi
  version: 2025.10.5
  sha256: 0f212c2744a9bb6de0c56639a6f68afe01ecd92d91f14ae897c4fe7bbeeef0de
  requires_python: '>=3.7'
- pypi: https://files.pythonhosted.org/packages/db/d3/9dcc0f5797f070ec8edf30fbadfb200e71d9db6b84d211e3b2085a7589a0/click-8.3.0-py3-none-any.whl
  name: click
  version: 8.3.0
  sha256: 9b9f285302c6e3064f4330c05f05b81945b2a39544279343e6e7c5f27a9baddc
  requires_dist:
  - colorama ; sys_platform == 'win32'
  requires_python: '>=3.10'
- pypi: https://files.pythonhosted.org/packages/0c/ab/6e5080ee374f875296c4243c381bbdef97a9ac39c6e3ce1d5f7d42cb78d6/frozenlist-1.8.0-cp313-cp313-macosx_11_0_arm64.whl
  name: frozenlist
  version: 1.8.0
  sha256: f21f00a91358803399890ab167098c131ec2ddd5f8f5fd5fe9c9f2c6fcd91e40
  requires_python: '>=3.9'
- pypi: https://files.pythonhosted.org/packages/d5/4e/e4691508f9477ce67da2015d8c00acd751e6287739123113a9fca6f1604e/frozenlist-1.8.0-cp313-cp313-manylinux1_x86_64.manylinux_2_28_x86_64.manylinux_2_5_x86_64.whl
  name: frozenlist
  version: 1.8.0
  sha256: fb30f9626572a76dfe4293c7194a09fb1fe93ba94c7d4f720dfae3b646b45027
  requires_python: '>=3.9'
- pypi: https://files.pythonhosted.org/packages/03/8b/ad381ec1b8195fa4a9a693cb8087e031b99530c0d6b8ad036dcb99e144c4/grpclib-0.4.8-py3-none-any.whl
  name: grpclib
  version: 0.4.8
  sha256: a5047733a7acc1c1cee6abf3c841c7c6fab67d2844a45a853b113fa2e6cd2654
  requires_dist:
  - h2>=3.1.0,<5
  - multidict
  - protobuf>=3.20.0 ; extra == 'protobuf'
  requires_python: '>=3.8'
- pypi: https://files.pythonhosted.org/packages/69/b2/119f6e6dcbd96f9069ce9a2665e0146588dc9f88f29549711853645e736a/h2-4.3.0-py3-none-any.whl
  name: h2
  version: 4.3.0
  sha256: c438f029a25f7945c69e0ccf0fb951dc3f73a5f6412981daee861431b70e2bdd
  requires_dist:
  - hyperframe>=6.1,<7
  - hpack>=4.1,<5
  requires_python: '>=3.9'
- pypi: https://files.pythonhosted.org/packages/07/c6/80c95b1b2b94682a72cbdbfb85b81ae2daffa4291fbfa1b1464502ede10d/hpack-4.1.0-py3-none-any.whl
  name: hpack
  version: 4.1.0
  sha256: 157ac792668d995c657d93111f46b4535ed114f0c9c8d672271bbec7eae1b496
  requires_python: '>=3.9'
- pypi: https://files.pythonhosted.org/packages/48/30/47d0bf6072f7252e6521f3447ccfa40b421b6824517f82854703d0f5a98b/hyperframe-6.1.0-py3-none-any.whl
  name: hyperframe
  version: 6.1.0
  sha256: b03380493a519fce58ea5af42e4a42317bf9bd425596f7a0835ffce80f1a42e5
  requires_python: '>=3.9'
- conda: https://conda.anaconda.org/conda-forge/osx-arm64/icu-75.1-hfee45f7_0.conda
  sha256: 9ba12c93406f3df5ab0a43db8a4b4ef67a5871dfd401010fbe29b218b2cbe620
  md5: 5eb22c1d7b3fc4abb50d92d621583137
  depends:
  - __osx >=11.0
  license: MIT
  license_family: MIT
  purls: []
  size: 11857802
  timestamp: 1720853997952
- pypi: https://files.pythonhosted.org/packages/0e/61/66938bbb5fc52dbdf84594873d5b51fb1f7c7794e9c0f5bd885f30bc507b/idna-3.11-py3-none-any.whl
  name: idna
  version: '3.11'
  sha256: 771a87f49d9defaf64091e6e6fe9c18d4833f140bd19464795bc32d966ca37ea
  requires_dist:
  - ruff>=0.6.2 ; extra == 'all'
  - mypy>=1.11.2 ; extra == 'all'
  - pytest>=8.3.2 ; extra == 'all'
  - flake8>=7.1.1 ; extra == 'all'
  requires_python: '>=3.8'
- conda: https://conda.anaconda.org/conda-forge/linux-64/ld_impl_linux-64-2.44-ha97dd6f_2.conda
  sha256: 707dfb8d55d7a5c6f95c772d778ef07a7ca85417d9971796f7d3daad0b615de8
  md5: 14bae321b8127b63cba276bd53fac237
  depends:
  - __glibc >=2.17,<3.0.a0
  constrains:
  - binutils_impl_linux-64 2.44
  license: GPL-3.0-only
  license_family: GPL
  purls: []
  size: 747158
  timestamp: 1758810907507
- conda: https://conda.anaconda.org/conda-forge/linux-64/libexpat-2.7.1-hecca717_0.conda
  sha256: da2080da8f0288b95dd86765c801c6e166c4619b910b11f9a8446fb852438dc2
  md5: 4211416ecba1866fab0c6470986c22d6
  depends:
  - __glibc >=2.17,<3.0.a0
  - libgcc >=14
  constrains:
  - expat 2.7.1.*
  license: MIT
  license_family: MIT
  purls: []
  size: 74811
  timestamp: 1752719572741
- conda: https://conda.anaconda.org/conda-forge/osx-arm64/libexpat-2.7.1-hec049ff_0.conda
  sha256: 8fbb17a56f51e7113ed511c5787e0dec0d4b10ef9df921c4fd1cccca0458f648
  md5: b1ca5f21335782f71a8bd69bdc093f67
  depends:
  - __osx >=11.0
  constrains:
  - expat 2.7.1.*
  license: MIT
  license_family: MIT
  purls: []
  size: 65971
  timestamp: 1752719657566
- conda: https://conda.anaconda.org/conda-forge/linux-64/libffi-3.4.6-h2dba641_1.conda
  sha256: 764432d32db45466e87f10621db5b74363a9f847d2b8b1f9743746cd160f06ab
  md5: ede4673863426c0883c0063d853bbd85
  depends:
  - __glibc >=2.17,<3.0.a0
  - libgcc >=13
  license: MIT
  license_family: MIT
  purls: []
  size: 57433
  timestamp: 1743434498161
- conda: https://conda.anaconda.org/conda-forge/osx-arm64/libffi-3.4.6-h1da3d7d_1.conda
  sha256: c6a530924a9b14e193ea9adfe92843de2a806d1b7dbfd341546ece9653129e60
  md5: c215a60c2935b517dcda8cad4705734d
  depends:
  - __osx >=11.0
  license: MIT
  license_family: MIT
  purls: []
  size: 39839
  timestamp: 1743434670405
- conda: https://conda.anaconda.org/conda-forge/linux-64/libgcc-15.2.0-h767d61c_7.conda
  sha256: 08f9b87578ab981c7713e4e6a7d935e40766e10691732bba376d4964562bcb45
  md5: c0374badb3a5d4b1372db28d19462c53
  depends:
  - __glibc >=2.17,<3.0.a0
  - _openmp_mutex >=4.5
  constrains:
  - libgomp 15.2.0 h767d61c_7
  - libgcc-ng ==15.2.0=*_7
  license: GPL-3.0-only WITH GCC-exception-3.1
  license_family: GPL
  purls: []
  size: 822552
  timestamp: 1759968052178
- conda: https://conda.anaconda.org/conda-forge/linux-64/libgomp-15.2.0-h767d61c_7.conda
  sha256: e9fb1c258c8e66ee278397b5822692527c5f5786d372fe7a869b900853f3f5ca
  md5: f7b4d76975aac7e5d9e6ad13845f92fe
  depends:
  - __glibc >=2.17,<3.0.a0
  license: GPL-3.0-only WITH GCC-exception-3.1
  license_family: GPL
  purls: []
  size: 447919
  timestamp: 1759967942498
- conda: https://conda.anaconda.org/conda-forge/linux-64/liblzma-5.8.1-hb9d3cd8_2.conda
  sha256: f2591c0069447bbe28d4d696b7fcb0c5bd0b4ac582769b89addbcf26fb3430d8
  md5: 1a580f7796c7bf6393fddb8bbbde58dc
  depends:
  - __glibc >=2.17,<3.0.a0
  - libgcc >=13
  constrains:
  - xz 5.8.1.*
  license: 0BSD
  purls: []
  size: 112894
  timestamp: 1749230047870
- conda: https://conda.anaconda.org/conda-forge/osx-arm64/liblzma-5.8.1-h39f12f2_2.conda
  sha256: 0cb92a9e026e7bd4842f410a5c5c665c89b2eb97794ffddba519a626b8ce7285
  md5: d6df911d4564d77c4374b02552cb17d1
  depends:
  - __osx >=11.0
  constrains:
  - xz 5.8.1.*
  license: 0BSD
  purls: []
  size: 92286
  timestamp: 1749230283517
- conda: https://conda.anaconda.org/conda-forge/linux-64/libmpdec-4.0.0-hb9d3cd8_0.conda
  sha256: 3aa92d4074d4063f2a162cd8ecb45dccac93e543e565c01a787e16a43501f7ee
  md5: c7e925f37e3b40d893459e625f6a53f1
  depends:
  - __glibc >=2.17,<3.0.a0
  - libgcc >=13
  license: BSD-2-Clause
  license_family: BSD
  purls: []
  size: 91183
  timestamp: 1748393666725
- conda: https://conda.anaconda.org/conda-forge/osx-arm64/libmpdec-4.0.0-h5505292_0.conda
  sha256: 0a1875fc1642324ebd6c4ac864604f3f18f57fbcf558a8264f6ced028a3c75b2
  md5: 85ccccb47823dd9f7a99d2c7f530342f
  depends:
  - __osx >=11.0
  license: BSD-2-Clause
  license_family: BSD
  purls: []
  size: 71829
  timestamp: 1748393749336
- conda: https://conda.anaconda.org/conda-forge/linux-64/libsqlite-3.50.4-h0c1763c_0.conda
  sha256: 6d9c32fc369af5a84875725f7ddfbfc2ace795c28f246dc70055a79f9b2003da
  md5: 0b367fad34931cb79e0d6b7e5c06bb1c
  depends:
  - __glibc >=2.17,<3.0.a0
  - libgcc >=14
  - libzlib >=1.3.1,<2.0a0
  license: blessing
  purls: []
  size: 932581
  timestamp: 1753948484112
- conda: https://conda.anaconda.org/conda-forge/osx-arm64/libsqlite-3.50.4-h4237e3c_0.conda
  sha256: 802ebe62e6bc59fc26b26276b793e0542cfff2d03c086440aeaf72fb8bbcec44
  md5: 1dcb0468f5146e38fae99aef9656034b
  depends:
  - __osx >=11.0
  - icu >=75.1,<76.0a0
  - libzlib >=1.3.1,<2.0a0
  license: blessing
  purls: []
  size: 902645
  timestamp: 1753948599139
- conda: https://conda.anaconda.org/conda-forge/linux-64/libuuid-2.41.2-he9a06e4_0.conda
  sha256: e5ec6d2ad7eef538ddcb9ea62ad4346fde70a4736342c4ad87bd713641eb9808
  md5: 80c07c68d2f6870250959dcc95b209d1
  depends:
  - __glibc >=2.17,<3.0.a0
  - libgcc >=14
  license: BSD-3-Clause
  license_family: BSD
  purls: []
  size: 37135
  timestamp: 1758626800002
- conda: https://conda.anaconda.org/conda-forge/linux-64/libzlib-1.3.1-hb9d3cd8_2.conda
  sha256: d4bfe88d7cb447768e31650f06257995601f89076080e76df55e3112d4e47dc4
  md5: edb0dca6bc32e4f4789199455a1dbeb8
  depends:
  - __glibc >=2.17,<3.0.a0
  - libgcc >=13
  constrains:
  - zlib 1.3.1 *_2
  license: Zlib
  license_family: Other
  purls: []
  size: 60963
  timestamp: 1727963148474
- conda: https://conda.anaconda.org/conda-forge/osx-arm64/libzlib-1.3.1-h8359307_2.conda
  sha256: ce34669eadaba351cd54910743e6a2261b67009624dbc7daeeafdef93616711b
  md5: 369964e85dc26bfe78f41399b366c435
  depends:
  - __osx >=11.0
  constrains:
  - zlib 1.3.1 *_2
  license: Zlib
  license_family: Other
  purls: []
  size: 46438
  timestamp: 1727963202283
- pypi: https://files.pythonhosted.org/packages/94/54/e7d793b573f298e1c9013b8c4dade17d481164aa517d1d7148619c2cedbf/markdown_it_py-4.0.0-py3-none-any.whl
  name: markdown-it-py
  version: 4.0.0
  sha256: 87327c59b172c5011896038353a81343b6754500a08cd7a4973bb48c6d578147
  requires_dist:
  - mdurl~=0.1
  - psutil ; extra == 'benchmarking'
  - pytest ; extra == 'benchmarking'
  - pytest-benchmark ; extra == 'benchmarking'
  - commonmark~=0.9 ; extra == 'compare'
  - markdown~=3.4 ; extra == 'compare'
  - mistletoe~=1.0 ; extra == 'compare'
  - mistune~=3.0 ; extra == 'compare'
  - panflute~=2.3 ; extra == 'compare'
  - markdown-it-pyrs ; extra == 'compare'
  - linkify-it-py>=1,<3 ; extra == 'linkify'
  - mdit-py-plugins>=0.5.0 ; extra == 'plugins'
  - gprof2dot ; extra == 'profiling'
  - mdit-py-plugins>=0.5.0 ; extra == 'rtd'
  - myst-parser ; extra == 'rtd'
  - pyyaml ; extra == 'rtd'
  - sphinx ; extra == 'rtd'
  - sphinx-copybutton ; extra == 'rtd'
  - sphinx-design ; extra == 'rtd'
  - sphinx-book-theme~=1.0 ; extra == 'rtd'
  - jupyter-sphinx ; extra == 'rtd'
  - ipykernel ; extra == 'rtd'
  - coverage ; extra == 'testing'
  - pytest ; extra == 'testing'
  - pytest-cov ; extra == 'testing'
  - pytest-regressions ; extra == 'testing'
  - requests ; extra == 'testing'
  requires_python: '>=3.10'
- pypi: https://files.pythonhosted.org/packages/b3/38/89ba8ad64ae25be8de66a6d463314cf1eb366222074cfda9ee839c56a4b4/mdurl-0.1.2-py3-none-any.whl
  name: mdurl
  version: 0.1.2
  sha256: 84008a41e51615a49fc9966191ff91509e3c40b939176e643fd50a5c2196b8f8
  requires_python: '>=3.7'
- pypi: https://files.pythonhosted.org/packages/38/f4/fb4f55f93e228d758065a269425d8c2b050b59094ce258fc215b1dd2d636/modal-1.2.0-py3-none-any.whl
  name: modal
  version: 1.2.0
  sha256: d6802d9df1d027552dae0273ce0a66364a514cf2465370b2d921c1b34e255abe
  requires_dist:
  - aiohttp
  - cbor2
  - certifi
  - click~=8.1
  - grpclib>=0.4.7,<0.4.9
  - protobuf>=3.19,!=4.24.0,<7.0
  - rich>=12.0.0
  - synchronicity~=0.10.2
  - toml
  - typer>=0.9
  - types-certifi
  - types-toml
  - watchfiles
  - typing-extensions~=4.6
  requires_python: '>=3.9'
- pypi: ./
  name: modal-test
  version: 0.1.0
  sha256: e7b85179d3ff2543823c9a72806312767a6aa50a850efa6bb2e658e72b80e2f7
  requires_dist:
  - modal>=1.2.0,<2
  requires_python: '>=3.11'
  editable: true
- pypi: https://files.pythonhosted.org/packages/c6/2d/f0b184fa88d6630aa267680bdb8623fb69cb0d024b8c6f0d23f9a0f406d3/multidict-6.7.0-cp313-cp313-manylinux2014_x86_64.manylinux_2_17_x86_64.manylinux_2_28_x86_64.whl
  name: multidict
  version: 6.7.0
  sha256: 9ff96e8815eecacc6645da76c413eb3b3d34cfca256c70b16b286a687d013c32
  requires_dist:
  - typing-extensions>=4.1.0 ; python_full_version < '3.11'
  requires_python: '>=3.9'
- pypi: https://files.pythonhosted.org/packages/f1/d8/6c3442322e41fb1dd4de8bd67bfd11cd72352ac131f6368315617de752f1/multidict-6.7.0-cp313-cp313-macosx_11_0_arm64.whl
  name: multidict
  version: 6.7.0
  sha256: 9c0359b1ec12b1d6849c59f9d319610b7f20ef990a6d454ab151aa0e3b9f78ca
  requires_dist:
  - typing-extensions>=4.1.0 ; python_full_version < '3.11'
  requires_python: '>=3.9'
- conda: https://conda.anaconda.org/conda-forge/linux-64/ncurses-6.5-h2d0b736_3.conda
  sha256: 3fde293232fa3fca98635e1167de6b7c7fda83caf24b9d6c91ec9eefb4f4d586
  md5: 47e340acb35de30501a76c7c799c41d7
  depends:
  - __glibc >=2.17,<3.0.a0
  - libgcc >=13
  license: X11 AND BSD-3-Clause
  purls: []
  size: 891641
  timestamp: 1738195959188
- conda: https://conda.anaconda.org/conda-forge/osx-arm64/ncurses-6.5-h5e97a16_3.conda
  sha256: 2827ada40e8d9ca69a153a45f7fd14f32b2ead7045d3bbb5d10964898fe65733
  md5: 068d497125e4bf8a66bf707254fff5ae
  depends:
  - __osx >=11.0
  license: X11 AND BSD-3-Clause
  purls: []
  size: 797030
  timestamp: 1738196177597
- conda: https://conda.anaconda.org/conda-forge/linux-64/openssl-3.5.4-h26f9b46_0.conda
  sha256: e807f3bad09bdf4075dbb4168619e14b0c0360bacb2e12ef18641a834c8c5549
  md5: 14edad12b59ccbfa3910d42c72adc2a0
  depends:
  - __glibc >=2.17,<3.0.a0
  - ca-certificates
  - libgcc >=14
  license: Apache-2.0
  license_family: Apache
  purls: []
  size: 3119624
  timestamp: 1759324353651
- conda: https://conda.anaconda.org/conda-forge/osx-arm64/openssl-3.5.4-h5503f6c_0.conda
  sha256: f0512629f9589392c2fb9733d11e753d0eab8fc7602f96e4d7f3bd95c783eb07
  md5: 71118318f37f717eefe55841adb172fd
  depends:
  - __osx >=11.0
  - ca-certificates
  license: Apache-2.0
  license_family: Apache
  purls: []
  size: 3067808
  timestamp: 1759324763146
- pypi: https://files.pythonhosted.org/packages/89/a4/92380f7ca60f99ebae761936bc48a72a639e8a47b29050615eef757cb2a7/propcache-0.4.1-cp313-cp313-macosx_11_0_arm64.whl
  name: propcache
  version: 0.4.1
  sha256: cae65ad55793da34db5f54e4029b89d3b9b9490d8abe1b4c7ab5d4b8ec7ebf74
  requires_python: '>=3.9'
- pypi: https://files.pythonhosted.org/packages/f1/8b/544bc867e24e1bd48f3118cecd3b05c694e160a168478fa28770f22fd094/propcache-0.4.1-cp313-cp313-manylinux2014_x86_64.manylinux_2_17_x86_64.manylinux_2_28_x86_64.whl
  name: propcache
  version: 0.4.1
  sha256: d472aeb4fbf9865e0c6d622d7f4d54a4e101a89715d8904282bb5f9a2f476c3f
  requires_python: '>=3.9'
- pypi: https://files.pythonhosted.org/packages/21/51/0b1cbad62074439b867b4e04cc09b93f6699d78fd191bed2bbb44562e077/protobuf-6.33.0-cp39-abi3-manylinux2014_x86_64.whl
  name: protobuf
  version: 6.33.0
  sha256: 35be49fd3f4fefa4e6e2aacc35e8b837d6703c37a2168a55ac21e9b1bc7559ef
  requires_python: '>=3.9'
- pypi: https://files.pythonhosted.org/packages/e1/a9/b6eee662a6951b9c3640e8e452ab3e09f117d99fc10baa32d1581a0d4099/protobuf-6.33.0-cp39-abi3-macosx_10_9_universal2.whl
  name: protobuf
  version: 6.33.0
  sha256: 905b07a65f1a4b72412314082c7dbfae91a9e8b68a0cc1577515f8df58ecf455
  requires_python: '>=3.9'
- pypi: https://files.pythonhosted.org/packages/c7/21/705964c7812476f378728bdf590ca4b771ec72385c533964653c68e86bdc/pygments-2.19.2-py3-none-any.whl
  name: pygments
  version: 2.19.2
  sha256: 86540386c03d588bb81d44bc3928634ff26449851e99741617ecb9037ee5ec0b
  requires_dist:
  - colorama>=0.4.6 ; extra == 'windows-terminal'
  requires_python: '>=3.8'
- conda: https://conda.anaconda.org/conda-forge/linux-64/python-3.13.9-h2b335a9_100_cp313.conda
  build_number: 100
  sha256: 317ee7a38f4cc97336a2aedf9c79e445adf11daa0d082422afa63babcd5117e4
  md5: 78ba5c3a7aecc68ab3a9f396d3b69d06
  depends:
  - __glibc >=2.17,<3.0.a0
  - bzip2 >=1.0.8,<2.0a0
  - ld_impl_linux-64 >=2.36.1
  - libexpat >=2.7.1,<3.0a0
  - libffi >=3.4.6,<3.5.0a0
  - libgcc >=14
  - liblzma >=5.8.1,<6.0a0
  - libmpdec >=4.0.0,<5.0a0
  - libsqlite >=3.50.4,<4.0a0
  - libuuid >=2.41.2,<3.0a0
  - libzlib >=1.3.1,<2.0a0
  - ncurses >=6.5,<7.0a0
  - openssl >=3.5.4,<4.0a0
  - python_abi 3.13.* *_cp313
  - readline >=8.2,<9.0a0
  - tk >=8.6.13,<8.7.0a0
  - tzdata
  license: Python-2.0
  purls: []
  size: 37323303
  timestamp: 1760612239629
  python_site_packages_path: lib/python3.13/site-packages
- conda: https://conda.anaconda.org/conda-forge/osx-arm64/python-3.13.9-h09175d0_100_cp313.conda
  build_number: 100
  sha256: ba1121e96d034129832eff1bde7bba35f186acfc51fce1d7bacd29a544906f1b
  md5: a2e4526d795a64fbd9581333482e07ee
  depends:
  - __osx >=11.0
  - bzip2 >=1.0.8,<2.0a0
  - libexpat >=2.7.1,<3.0a0
  - libffi >=3.4.6,<3.5.0a0
  - liblzma >=5.8.1,<6.0a0
  - libmpdec >=4.0.0,<5.0a0
  - libsqlite >=3.50.4,<4.0a0
  - libzlib >=1.3.1,<2.0a0
  - ncurses >=6.5,<7.0a0
  - openssl >=3.5.4,<4.0a0
  - python_abi 3.13.* *_cp313
  - readline >=8.2,<9.0a0
  - tk >=8.6.13,<8.7.0a0
  - tzdata
  license: Python-2.0
  purls: []
  size: 12802912
  timestamp: 1760613485744
  python_site_packages_path: lib/python3.13/site-packages
- conda: https://conda.anaconda.org/conda-forge/noarch/python_abi-3.13-8_cp313.conda
  build_number: 8
  sha256: 210bffe7b121e651419cb196a2a63687b087497595c9be9d20ebe97dd06060a7
  md5: 94305520c52a4aa3f6c2b1ff6008d9f8
  constrains:
  - python 3.13.* *_cp313
  license: BSD-3-Clause
  license_family: BSD
  purls: []
  size: 7002
  timestamp: 1752805902938
- conda: https://conda.anaconda.org/conda-forge/linux-64/readline-8.2-h8c095d6_2.conda
  sha256: 2d6d0c026902561ed77cd646b5021aef2d4db22e57a5b0178dfc669231e06d2c
  md5: 283b96675859b20a825f8fa30f311446
  depends:
  - libgcc >=13
  - ncurses >=6.5,<7.0a0
  license: GPL-3.0-only
  license_family: GPL
  purls: []
  size: 282480
  timestamp: 1740379431762
- conda: https://conda.anaconda.org/conda-forge/osx-arm64/readline-8.2-h1d1bf99_2.conda
  sha256: 7db04684d3904f6151eff8673270922d31da1eea7fa73254d01c437f49702e34
  md5: 63ef3f6e6d6d5c589e64f11263dc5676
  depends:
  - ncurses >=6.5,<7.0a0
  license: GPL-3.0-only
  license_family: GPL
  purls: []
  size: 252359
  timestamp: 1740379663071
- pypi: https://files.pythonhosted.org/packages/25/7a/b0178788f8dc6cafce37a212c99565fa1fe7872c70c6c9c1e1a372d9d88f/rich-14.2.0-py3-none-any.whl
  name: rich
  version: 14.2.0
  sha256: 76bc51fe2e57d2b1be1f96c524b890b816e334ab4c1e45888799bfaab0021edd
  requires_dist:
  - ipywidgets>=7.5.1,<9 ; extra == 'jupyter'
  - markdown-it-py>=2.2.0
  - pygments>=2.13.0,<3.0.0
  requires_python: '>=3.8.0'
- pypi: https://files.pythonhosted.org/packages/e0/f9/0595336914c5619e5f28a1fb793285925a8cd4b432c9da0a987836c7f822/shellingham-1.5.4-py2.py3-none-any.whl
  name: shellingham
  version: 1.5.4
  sha256: 7ecfff8f2fd72616f7481040475a65b2bf8af90a56c89140852d1120324e8686
  requires_python: '>=3.7'
- pypi: https://files.pythonhosted.org/packages/1f/91/853dbf6ec096197dba9cd5fd0c836c5fc19142038b7db60ebe6332b1bab1/sigtools-4.0.1-py2.py3-none-any.whl
  name: sigtools
  version: 4.0.1
  sha256: d216b4cf920bbab0fce636ddc429ed8463a5b533d9e1492acb45a2a1bc36ac6c
  requires_dist:
  - attrs
  - repeated-test>=2.2.1 ; extra == 'test'
  - sphinx ; extra == 'test'
  - mock ; extra == 'test'
  - coverage ; extra == 'test'
  - repeated-test>=2.2.1 ; extra == 'tests'
  - sphinx ; extra == 'tests'
  - mock ; extra == 'tests'
  - coverage ; extra == 'tests'
  requires_python: '>=3.6'
- pypi: https://files.pythonhosted.org/packages/e9/44/75a9c9421471a6c4805dbf2356f7c181a29c1879239abab1ea2cc8f38b40/sniffio-1.3.1-py3-none-any.whl
  name: sniffio
  version: 1.3.1
  sha256: 2f6da418d1f1e0fddd844478f41680e794e6051915791a034ff65e5f100525a2
  requires_python: '>=3.7'
- pypi: https://files.pythonhosted.org/packages/f8/f9/ce041b9531022a0b5999a47e6da14485239f7bce9c595d1bfb387fe60e89/synchronicity-0.10.2-py3-none-any.whl
  name: synchronicity
  version: 0.10.2
  sha256: 4ba1f8c02ca582ef068033300201e3c403e08d81e42553554f4e67b27f0d9bb1
  requires_dist:
  - sigtools>=4.0.1
  - typing-extensions>=4.12.2
  requires_python: '>=3.9'
- conda: https://conda.anaconda.org/conda-forge/linux-64/tk-8.6.13-noxft_hd72426e_102.conda
  sha256: a84ff687119e6d8752346d1d408d5cf360dee0badd487a472aa8ddedfdc219e1
  md5: a0116df4f4ed05c303811a837d5b39d8
  depends:
  - __glibc >=2.17,<3.0.a0
  - libgcc >=13
  - libzlib >=1.3.1,<2.0a0
  license: TCL
  license_family: BSD
  purls: []
  size: 3285204
  timestamp: 1748387766691
- conda: https://conda.anaconda.org/conda-forge/osx-arm64/tk-8.6.13-h892fb3f_2.conda
  sha256: cb86c522576fa95c6db4c878849af0bccfd3264daf0cc40dd18e7f4a7bfced0e
  md5: 7362396c170252e7b7b0c8fb37fe9c78
  depends:
  - __osx >=11.0
  - libzlib >=1.3.1,<2.0a0
  license: TCL
  license_family: BSD
  purls: []
  size: 3125538
  timestamp: 1748388189063
- pypi: https://files.pythonhosted.org/packages/44/6f/7120676b6d73228c96e17f1f794d8ab046fc910d781c8d151120c3f1569e/toml-0.10.2-py2.py3-none-any.whl
  name: toml
  version: 0.10.2
  sha256: 806143ae5bfb6a3c6e736a764057db0e6a0e05e338b5630894a5f779cabb4f9b
  requires_python: '>=2.6,!=3.0.*,!=3.1.*,!=3.2.*'
- pypi: https://files.pythonhosted.org/packages/00/22/35617eee79080a5d071d0f14ad698d325ee6b3bf824fc0467c03b30e7fa8/typer-0.19.2-py3-none-any.whl
  name: typer
  version: 0.19.2
  sha256: 755e7e19670ffad8283db353267cb81ef252f595aa6834a0d1ca9312d9326cb9
  requires_dist:
  - click>=8.0.0
  - typing-extensions>=3.7.4.3
  - shellingham>=1.3.0
  - rich>=10.11.0
  requires_python: '>=3.8'
- pypi: https://files.pythonhosted.org/packages/b5/63/2463d89481e811f007b0e1cd0a91e52e141b47f9de724d20db7b861dcfec/types_certifi-2021.10.8.3-py3-none-any.whl
  name: types-certifi
  version: 2021.10.8.3
  sha256: b2d1e325e69f71f7c78e5943d410e650b4707bb0ef32e4ddf3da37f54176e88a
- pypi: https://files.pythonhosted.org/packages/da/a2/d32ab58c0b216912638b140ab2170ee4b8644067c293b170e19fba340ccc/types_toml-0.10.8.20240310-py3-none-any.whl
  name: types-toml
  version: 0.10.8.20240310
  sha256: 627b47775d25fa29977d9c70dc0cbab3f314f32c8d8d0c012f2ef5de7aaec05d
  requires_python: '>=3.8'
- pypi: https://files.pythonhosted.org/packages/18/67/36e9267722cc04a6b9f15c7f3441c2363321a3ea07da7ae0c0707beb2a9c/typing_extensions-4.15.0-py3-none-any.whl
  name: typing-extensions
  version: 4.15.0
  sha256: f0fa19c6845758ab08074a0cfa8b7aecb71c999ca73d62883bc25cc018c4e548
  requires_python: '>=3.9'
- conda: https://conda.anaconda.org/conda-forge/noarch/tzdata-2025b-h78e105d_0.conda
  sha256: 5aaa366385d716557e365f0a4e9c3fca43ba196872abbbe3d56bb610d131e192
  md5: 4222072737ccff51314b5ece9c7d6f5a
  license: LicenseRef-Public-Domain
  purls: []
  size: 122968
  timestamp: 1742727099393
- pypi: https://files.pythonhosted.org/packages/2b/f9/f07a295cde762644aa4c4bb0f88921d2d141af45e735b965fb2e87858328/watchfiles-1.1.1-cp313-cp313-macosx_11_0_arm64.whl
  name: watchfiles
  version: 1.1.1
  sha256: 5f3bde70f157f84ece3765b42b4a52c6ac1a50334903c6eaf765362f6ccca88a
  requires_dist:
  - anyio>=3.0.0
  requires_python: '>=3.9'
- pypi: https://files.pythonhosted.org/packages/62/da/def65b170a3815af7bd40a3e7010bf6ab53089ef1b75d05dd5385b87cf08/watchfiles-1.1.1-cp313-cp313-manylinux_2_17_x86_64.manylinux2014_x86_64.whl
  name: watchfiles
  version: 1.1.1
  sha256: c755367e51db90e75b19454b680903631d41f9e3607fbd941d296a020c2d752d
  requires_dist:
  - anyio>=3.0.0
  requires_python: '>=3.9'
- pypi: https://files.pythonhosted.org/packages/11/c9/cd8538dc2e7727095e0c1d867bad1e40c98f37763e6d995c1939f5fdc7b1/yarl-1.22.0-cp313-cp313-manylinux2014_x86_64.manylinux_2_17_x86_64.manylinux_2_28_x86_64.whl
  name: yarl
  version: 1.22.0
  sha256: bec03d0d388060058f5d291a813f21c011041938a441c593374da6077fe21b1b
  requires_dist:
  - idna>=2.0
  - multidict>=4.0
  - propcache>=0.2.1
  requires_python: '>=3.9'
- pypi: https://files.pythonhosted.org/packages/18/91/3274b215fd8442a03975ce6bee5fe6aa57a8326b29b9d3d56234a1dca244/yarl-1.22.0-cp313-cp313-macosx_11_0_arm64.whl
  name: yarl
  version: 1.22.0
  sha256: 22965c2af250d20c873cdbee8ff958fb809940aeb2e74ba5f20aaf6b7ac8c70c
  requires_dist:
  - idna>=2.0
  - multidict>=4.0
  - propcache>=0.2.1
  requires_python: '>=3.9'
